
Microsoft Visual Studio Solution File, Format Version 12.00
# Visual Studio Version 17
VisualStudioVersion = 17.6.33723.286
MinimumVisualStudioVersion = 10.0.40219.1
Project("{9A19103F-16F7-4668-BE54-9A1E7A4F7556}") = "DuelsServer", "DuelsServer.csproj", "{05365C90-3358-4968-9903-512E289184A1}"
EndProject
Global
	GlobalSection(SolutionConfigurationPlatforms) = preSolution
		Debug|Any CPU = Debug|Any CPU
		Release|Any CPU = Release|Any CPU
	EndGlobalSection
	GlobalSection(ProjectConfigurationPlatforms) = postSolution
		{05365C90-3358-4968-9903-512E289184A1}.Debug|Any CPU.ActiveCfg = Debug|Any CPU
		{05365C90-3358-4968-9903-512E289184A1}.Debug|Any CPU.Build.0 = Debug|Any CPU
		{05365C90-3358-4968-9903-512E289184A1}.Release|Any CPU.ActiveCfg = Release|Any CPU
		{05365C90-3358-4968-9903-512E289184A1}.Release|Any CPU.Build.0 = Release|Any CPU
	EndGlobalSection
	GlobalSection(SolutionProperties) = preSolution
		HideSolutionNode = FALSE
	EndGlobalSection
	GlobalSection(ExtensibilityGlobals) = postSolution
		SolutionGuid = {8053DE8B-AF3E-4B1D-8258-82136AA7836E}
	EndGlobalSection
EndGlobal
